{
  "name": "APM-WEB",
  "lockfileVersion": 3,
  "requires": true,
  "packages": {
    "": {
      "dependencies": {
        "animejs": "^4.0.1"
      }
    },
    "node_modules/animejs": {
      "version": "4.0.1",
      "resolved": "https://registry.npmjs.org/animejs/-/animejs-4.0.1.tgz",
      "integrity": "sha512-QbNbOrToapaZ7ebNuQpRgOhEGeyg/r8+bOUKbaaDNI/64XyjDrguVWW6Xgnt8PX+HHs0aAi34WpetczSbRZ3dQ==",
      "license": "MIT"
    }
  }
}
